
Microsoft Visual Studio Solution File, Format Version 12.00
# Visual Studio 15
VisualStudioVersion = 15.0.28307.645
MinimumVisualStudioVersion = 10.0.40219.1
Project("{FAE04EC0-301F-11D3-BF4B-00C04F79EFBC}") = "200292943-Lesson3", "200292943-Lesson3\200292943-Lesson3.csproj", "{08502DF8-317F-4629-B020-34F6D6BEAF55}"
EndProject
Global
	GlobalSection(SolutionConfigurationPlatforms) = preSolution
		Debug|Any CPU = Debug|Any CPU
		Release|Any CPU = Release|Any CPU
	EndGlobalSection
	GlobalSection(ProjectConfigurationPlatforms) = postSolution
		{08502DF8-317F-4629-B020-34F6D6BEAF55}.Debug|Any CPU.ActiveCfg = Debug|Any CPU
		{08502DF8-317F-4629-B020-34F6D6BEAF55}.Debug|Any CPU.Build.0 = Debug|Any CPU
		{08502DF8-317F-4629-B020-34F6D6BEAF55}.Release|Any CPU.ActiveCfg = Release|Any CPU
		{08502DF8-317F-4629-B020-34F6D6BEAF55}.Release|Any CPU.Build.0 = Release|Any CPU
	EndGlobalSection
	GlobalSection(SolutionProperties) = preSolution
		HideSolutionNode = FALSE
	EndGlobalSection
	GlobalSection(ExtensibilityGlobals) = postSolution
		SolutionGuid = {A6A43391-D075-4BA7-BDE3-79CB2225C5F8}
	EndGlobalSection
EndGlobal
